{
  "nodes": {
    "alacritty-autoresizing": {
      "inputs": {
        "flake-utils": "flake-utils",
        "nixpkgs": [
          "nixpkgs"
        ]
      },
      "locked": {
        "lastModified": 1631171963,
        "narHash": "sha256-1N9iQen8LmbJQ7LqyckX+/SEFbc3z6H5+zuY8F0wuZ0=",
        "owner": "t184256",
        "repo": "alacritty-autoresizing",
        "rev": "80b2cfefb0ad3c1de794144918e95f9437c5aafd",
        "type": "github"
      },
      "original": {
        "owner": "t184256",
        "repo": "alacritty-autoresizing",
        "type": "github"
      }
    },
    "deploy-rs": {
      "inputs": {
        "flake-compat": "flake-compat",
        "nixpkgs": [
          "nixpkgs"
        ],
        "utils": "utils"
      },
      "locked": {
        "lastModified": 1638665590,
        "narHash": "sha256-nhtfL3z4TizWHemyZvgLvq11FhYX5Ya4ke+t6Np5PKQ=",
        "owner": "serokell",
        "repo": "deploy-rs",
        "rev": "715e92a13018bc1745fb680b5860af0c5641026a",
        "type": "github"
      },
      "original": {
        "owner": "serokell",
        "repo": "deploy-rs",
        "type": "github"
      }
    },
    "flake-compat": {
      "flake": false,
      "locked": {
        "lastModified": 1627913399,
        "narHash": "sha256-hY8g6H2KFL8ownSiFeMOjwPC8P0ueXpCVEbxgda3pko=",
        "owner": "edolstra",
        "repo": "flake-compat",
        "rev": "12c64ca55c1014cdc1b16ed5a804aa8576601ff2",
        "type": "github"
      },
      "original": {
        "owner": "edolstra",
        "repo": "flake-compat",
        "type": "github"
      }
    },
    "flake-utils": {
      "locked": {
        "lastModified": 1622445595,
        "narHash": "sha256-m+JRe6Wc5OZ/mKw2bB3+Tl0ZbtyxxxfnAWln8Q5qs+Y=",
        "owner": "numtide",
        "repo": "flake-utils",
        "rev": "7d706970d94bc5559077eb1a6600afddcd25a7c8",
        "type": "github"
      },
      "original": {
        "owner": "numtide",
        "repo": "flake-utils",
        "type": "github"
      }
    },
    "home-manager": {
      "inputs": {
        "nixpkgs": [
          "nixpkgs"
        ]
      },
      "locked": {
        "lastModified": 1639430993,
        "narHash": "sha256-hOTsN76jnikHi1358CSBubcpxreAAfmLHdUnkBYn52c=",
        "owner": "nix-community",
        "repo": "home-manager",
        "rev": "ea5591d225c379d7b0ad594ab901bec498aefe91",
        "type": "github"
      },
      "original": {
        "owner": "nix-community",
        "repo": "home-manager",
        "type": "github"
      }
    },
    "nixos-hardware": {
      "locked": {
        "lastModified": 1639240632,
        "narHash": "sha256-BAXhgnPOW1COIfZ9EOOFTdolalYS73MFHSRajgrSdZw=",
        "owner": "NixOS",
        "repo": "nixos-hardware",
        "rev": "2a7063461c3751d83869a2a0a8ebc59e34bec5b2",
        "type": "github"
      },
      "original": {
        "owner": "NixOS",
        "repo": "nixos-hardware",
        "type": "github"
      }
    },
    "nixpkgs": {
      "locked": {
        "lastModified": 1639438356,
        "narHash": "sha256-+6DqOJHbr/YhHm3BpYcxEL7zhRRC31cBA9JdrIJ8hVs=",
        "owner": "NixOS",
        "repo": "nixpkgs",
        "rev": "eb7f65c8e82377c65d05bff72fe857d00825503f",
        "type": "github"
      },
      "original": {
        "owner": "NixOS",
        "repo": "nixpkgs",
        "type": "github"
      }
    },
    "root": {
      "inputs": {
        "alacritty-autoresizing": "alacritty-autoresizing",
        "deploy-rs": "deploy-rs",
        "home-manager": "home-manager",
        "nixos-hardware": "nixos-hardware",
        "nixpkgs": "nixpkgs"
      }
    },
    "utils": {
      "locked": {
        "lastModified": 1631561581,
        "narHash": "sha256-3VQMV5zvxaVLvqqUrNz3iJelLw30mIVSfZmAaauM3dA=",
        "owner": "numtide",
        "repo": "flake-utils",
        "rev": "7e5bf3925f6fbdfaf50a2a7ca0be2879c4261d19",
        "type": "github"
      },
      "original": {
        "owner": "numtide",
        "repo": "flake-utils",
        "type": "github"
      }
    }
  },
  "root": "root",
  "version": 7
}
