{
  "nodes": {
    "alacritty-autoresizing": {
      "inputs": {
        "flake-utils": "flake-utils",
        "nixpkgs": [
          "nixpkgs"
        ]
      },
      "locked": {
        "lastModified": 1625790442,
        "narHash": "sha256-c1Cw60LnB5WR28+Tol2x+yjim9F/719YvgB6xmcyxHo=",
        "owner": "t184256",
        "repo": "alacritty-autoresizing",
        "rev": "d8a700bbfbd3d93e36e5ae8be6db8c24a5f1d7cb",
        "type": "github"
      },
      "original": {
        "owner": "t184256",
        "repo": "alacritty-autoresizing",
        "type": "github"
      }
    },
    "deploy-rs": {
      "inputs": {
        "flake-compat": "flake-compat",
        "naersk": "naersk",
        "nixpkgs": [
          "nixpkgs"
        ],
        "utils": "utils"
      },
      "locked": {
        "lastModified": 1628752686,
        "narHash": "sha256-Lzh9MYUJDsjgif+YEyOErXtj1IH+ci8J1C30g1ms69s=",
        "owner": "serokell",
        "repo": "deploy-rs",
        "rev": "e5546f9c2503c26d175f08a81fc0a0f330be4cbe",
        "type": "github"
      },
      "original": {
        "owner": "serokell",
        "repo": "deploy-rs",
        "type": "github"
      }
    },
    "flake-compat": {
      "flake": false,
      "locked": {
        "lastModified": 1606424373,
        "narHash": "sha256-oq8d4//CJOrVj+EcOaSXvMebvuTkmBJuT5tzlfewUnQ=",
        "owner": "edolstra",
        "repo": "flake-compat",
        "rev": "99f1c2157fba4bfe6211a321fd0ee43199025dbf",
        "type": "github"
      },
      "original": {
        "owner": "edolstra",
        "repo": "flake-compat",
        "type": "github"
      }
    },
    "flake-utils": {
      "locked": {
        "lastModified": 1622445595,
        "narHash": "sha256-m+JRe6Wc5OZ/mKw2bB3+Tl0ZbtyxxxfnAWln8Q5qs+Y=",
        "owner": "numtide",
        "repo": "flake-utils",
        "rev": "7d706970d94bc5559077eb1a6600afddcd25a7c8",
        "type": "github"
      },
      "original": {
        "owner": "numtide",
        "repo": "flake-utils",
        "type": "github"
      }
    },
    "home-manager": {
      "inputs": {
        "nixpkgs": [
          "nixpkgs"
        ]
      },
      "locked": {
        "lastModified": 1627649712,
        "narHash": "sha256-AJBasvMKpsyJmCLdjroBElCHY5AlalbVy+XY5vjbgXc=",
        "owner": "nix-community",
        "repo": "home-manager",
        "rev": "b39647e52ed3c0b989e9d5c965e598ae4c38d7ef",
        "type": "github"
      },
      "original": {
        "owner": "nix-community",
        "ref": "release-21.05",
        "repo": "home-manager",
        "type": "github"
      }
    },
    "naersk": {
      "inputs": {
        "nixpkgs": [
          "nixpkgs"
        ]
      },
      "locked": {
        "lastModified": 1622810282,
        "narHash": "sha256-4wmvM3/xfD0hCdNDIXVzRMfL4yB1J+DjH6Zte2xbAxk=",
        "owner": "nmattia",
        "repo": "naersk",
        "rev": "e8061169e1495871b56be97c5c51d310fae01374",
        "type": "github"
      },
      "original": {
        "owner": "nmattia",
        "ref": "master",
        "repo": "naersk",
        "type": "github"
      }
    },
    "nixos-hardware": {
      "locked": {
        "lastModified": 1629498083,
        "narHash": "sha256-Q9FusqF/zgnAUzfAGFlGs1VZ3ibcvOJTiyp3vFSvx84=",
        "owner": "NixOS",
        "repo": "nixos-hardware",
        "rev": "6f1dc0aed05edda785c73cc91138797a0934ecab",
        "type": "github"
      },
      "original": {
        "owner": "NixOS",
        "repo": "nixos-hardware",
        "type": "github"
      }
    },
    "nixpkgs": {
      "locked": {
        "lastModified": 1629379628,
        "narHash": "sha256-dI8wpEo7wIVWoTUk2oyWFUnlVHNKLs+ren1TqITN1mI=",
        "owner": "NixOS",
        "repo": "nixpkgs",
        "rev": "a1007637cea374bd1bafd754cfd5388894c49129",
        "type": "github"
      },
      "original": {
        "owner": "NixOS",
        "ref": "nixos-21.05",
        "repo": "nixpkgs",
        "type": "github"
      }
    },
    "root": {
      "inputs": {
        "alacritty-autoresizing": "alacritty-autoresizing",
        "deploy-rs": "deploy-rs",
        "home-manager": "home-manager",
        "nixos-hardware": "nixos-hardware",
        "nixpkgs": "nixpkgs"
      }
    },
    "utils": {
      "locked": {
        "lastModified": 1622445595,
        "narHash": "sha256-m+JRe6Wc5OZ/mKw2bB3+Tl0ZbtyxxxfnAWln8Q5qs+Y=",
        "owner": "numtide",
        "repo": "flake-utils",
        "rev": "7d706970d94bc5559077eb1a6600afddcd25a7c8",
        "type": "github"
      },
      "original": {
        "owner": "numtide",
        "repo": "flake-utils",
        "type": "github"
      }
    }
  },
  "root": "root",
  "version": 7
}
